
Microsoft Visual Studio Solution File, Format Version 12.00
Project("{FAE04EC0-301F-11D3-BF4B-00C04F79EFBC}") = "GQ.Api", "GQ.Api\GQ.Api.csproj", "{687E81BC-EB95-46FE-80CE-36EB35F12657}"
EndProject
Project("{FAE04EC0-301F-11D3-BF4B-00C04F79EFBC}") = "GQ.Entities", "GQ.Entities\GQ.Entities.csproj", "{87D32317-E124-408D-BC01-A83F7C373723}"
EndProject
Project("{FAE04EC0-301F-11D3-BF4B-00C04F79EFBC}") = "GQ.Seeder", "GQ.Seeder\GQ.Seeder.csproj", "{F63FF102-84C6-4FB1-980E-834DA8CBF480}"
EndProject
Project("{FAE04EC0-301F-11D3-BF4B-00C04F79EFBC}") = "GQ.Common", "GQ.Common\GQ.Common.csproj", "{173A07C3-301D-46AD-B1D4-30E9863721A3}"
EndProject
Project("{FAE04EC0-301F-11D3-BF4B-00C04F79EFBC}") = "GQ.Database", "GQ.Database\GQ.Database.csproj", "{52CB40FE-8FCC-447F-8C59-4DD8502C93B4}"
EndProject
Global
	GlobalSection(SolutionConfigurationPlatforms) = preSolution
		Debug|Any CPU = Debug|Any CPU
		Release|Any CPU = Release|Any CPU
	EndGlobalSection
	GlobalSection(ProjectConfigurationPlatforms) = postSolution
		{687E81BC-EB95-46FE-80CE-36EB35F12657}.Debug|Any CPU.ActiveCfg = Debug|Any CPU
		{687E81BC-EB95-46FE-80CE-36EB35F12657}.Debug|Any CPU.Build.0 = Debug|Any CPU
		{687E81BC-EB95-46FE-80CE-36EB35F12657}.Release|Any CPU.ActiveCfg = Release|Any CPU
		{687E81BC-EB95-46FE-80CE-36EB35F12657}.Release|Any CPU.Build.0 = Release|Any CPU
		{87D32317-E124-408D-BC01-A83F7C373723}.Debug|Any CPU.ActiveCfg = Debug|Any CPU
		{87D32317-E124-408D-BC01-A83F7C373723}.Debug|Any CPU.Build.0 = Debug|Any CPU
		{87D32317-E124-408D-BC01-A83F7C373723}.Release|Any CPU.ActiveCfg = Release|Any CPU
		{87D32317-E124-408D-BC01-A83F7C373723}.Release|Any CPU.Build.0 = Release|Any CPU
		{F63FF102-84C6-4FB1-980E-834DA8CBF480}.Debug|Any CPU.ActiveCfg = Debug|Any CPU
		{F63FF102-84C6-4FB1-980E-834DA8CBF480}.Debug|Any CPU.Build.0 = Debug|Any CPU
		{F63FF102-84C6-4FB1-980E-834DA8CBF480}.Release|Any CPU.ActiveCfg = Release|Any CPU
		{F63FF102-84C6-4FB1-980E-834DA8CBF480}.Release|Any CPU.Build.0 = Release|Any CPU
		{173A07C3-301D-46AD-B1D4-30E9863721A3}.Debug|Any CPU.ActiveCfg = Debug|Any CPU
		{173A07C3-301D-46AD-B1D4-30E9863721A3}.Debug|Any CPU.Build.0 = Debug|Any CPU
		{173A07C3-301D-46AD-B1D4-30E9863721A3}.Release|Any CPU.ActiveCfg = Release|Any CPU
		{173A07C3-301D-46AD-B1D4-30E9863721A3}.Release|Any CPU.Build.0 = Release|Any CPU
		{52CB40FE-8FCC-447F-8C59-4DD8502C93B4}.Debug|Any CPU.ActiveCfg = Debug|Any CPU
		{52CB40FE-8FCC-447F-8C59-4DD8502C93B4}.Debug|Any CPU.Build.0 = Debug|Any CPU
		{52CB40FE-8FCC-447F-8C59-4DD8502C93B4}.Release|Any CPU.ActiveCfg = Release|Any CPU
		{52CB40FE-8FCC-447F-8C59-4DD8502C93B4}.Release|Any CPU.Build.0 = Release|Any CPU
	EndGlobalSection
EndGlobal
